
Microsoft Visual Studio Solution File, Format Version 12.00
# Visual Studio 14
VisualStudioVersion = 14.0.25420.1
MinimumVisualStudioVersion = 10.0.40219.1
Project("{FAE04EC0-301F-11D3-BF4B-00C04F79EFBC}") = "lesson7ConsoleApp", "lesson7ConsoleApp\lesson7ConsoleApp.csproj", "{1966A654-AD76-478E-A074-BE97AE43003E}"
EndProject
Project("{FAE04EC0-301F-11D3-BF4B-00C04F79EFBC}") = "Entities", "Entities\Entities.csproj", "{41C75ADF-38BC-4B24-90D7-8752E25FEE8B}"
EndProject
Project("{FAE04EC0-301F-11D3-BF4B-00C04F79EFBC}") = "Repository", "Repository\Repository.csproj", "{B10C43EC-C357-48EC-B6A4-A0FBF5FDE1BF}"
EndProject
Project("{FAE04EC0-301F-11D3-BF4B-00C04F79EFBC}") = "NHLService", "NHLService\NHLService.csproj", "{18021BC5-358A-490E-987C-7C39DD163E59}"
EndProject
Project("{FAE04EC0-301F-11D3-BF4B-00C04F79EFBC}") = "HostApplication", "HostApplication\HostApplication.csproj", "{C285B1F9-54D2-4C8D-A51F-712AFB371457}"
EndProject
Project("{FAE04EC0-301F-11D3-BF4B-00C04F79EFBC}") = "ClientApplication", "ClientApplication\ClientApplication.csproj", "{217BDBA8-AA8E-4375-BAA9-03B6751C4B59}"
	ProjectSection(ProjectDependencies) = postProject
		{18021BC5-358A-490E-987C-7C39DD163E59} = {18021BC5-358A-490E-987C-7C39DD163E59}
	EndProjectSection
EndProject
Global
	GlobalSection(SolutionConfigurationPlatforms) = preSolution
		Debug|Any CPU = Debug|Any CPU
		Release|Any CPU = Release|Any CPU
	EndGlobalSection
	GlobalSection(ProjectConfigurationPlatforms) = postSolution
		{1966A654-AD76-478E-A074-BE97AE43003E}.Debug|Any CPU.ActiveCfg = Debug|Any CPU
		{1966A654-AD76-478E-A074-BE97AE43003E}.Debug|Any CPU.Build.0 = Debug|Any CPU
		{1966A654-AD76-478E-A074-BE97AE43003E}.Release|Any CPU.ActiveCfg = Release|Any CPU
		{1966A654-AD76-478E-A074-BE97AE43003E}.Release|Any CPU.Build.0 = Release|Any CPU
		{41C75ADF-38BC-4B24-90D7-8752E25FEE8B}.Debug|Any CPU.ActiveCfg = Debug|Any CPU
		{41C75ADF-38BC-4B24-90D7-8752E25FEE8B}.Debug|Any CPU.Build.0 = Debug|Any CPU
		{41C75ADF-38BC-4B24-90D7-8752E25FEE8B}.Release|Any CPU.ActiveCfg = Release|Any CPU
		{41C75ADF-38BC-4B24-90D7-8752E25FEE8B}.Release|Any CPU.Build.0 = Release|Any CPU
		{B10C43EC-C357-48EC-B6A4-A0FBF5FDE1BF}.Debug|Any CPU.ActiveCfg = Debug|Any CPU
		{B10C43EC-C357-48EC-B6A4-A0FBF5FDE1BF}.Debug|Any CPU.Build.0 = Debug|Any CPU
		{B10C43EC-C357-48EC-B6A4-A0FBF5FDE1BF}.Release|Any CPU.ActiveCfg = Release|Any CPU
		{B10C43EC-C357-48EC-B6A4-A0FBF5FDE1BF}.Release|Any CPU.Build.0 = Release|Any CPU
		{18021BC5-358A-490E-987C-7C39DD163E59}.Debug|Any CPU.ActiveCfg = Debug|Any CPU
		{18021BC5-358A-490E-987C-7C39DD163E59}.Debug|Any CPU.Build.0 = Debug|Any CPU
		{18021BC5-358A-490E-987C-7C39DD163E59}.Release|Any CPU.ActiveCfg = Release|Any CPU
		{18021BC5-358A-490E-987C-7C39DD163E59}.Release|Any CPU.Build.0 = Release|Any CPU
		{C285B1F9-54D2-4C8D-A51F-712AFB371457}.Debug|Any CPU.ActiveCfg = Debug|Any CPU
		{C285B1F9-54D2-4C8D-A51F-712AFB371457}.Debug|Any CPU.Build.0 = Debug|Any CPU
		{C285B1F9-54D2-4C8D-A51F-712AFB371457}.Release|Any CPU.ActiveCfg = Release|Any CPU
		{C285B1F9-54D2-4C8D-A51F-712AFB371457}.Release|Any CPU.Build.0 = Release|Any CPU
		{217BDBA8-AA8E-4375-BAA9-03B6751C4B59}.Debug|Any CPU.ActiveCfg = Debug|Any CPU
		{217BDBA8-AA8E-4375-BAA9-03B6751C4B59}.Debug|Any CPU.Build.0 = Debug|Any CPU
		{217BDBA8-AA8E-4375-BAA9-03B6751C4B59}.Release|Any CPU.ActiveCfg = Release|Any CPU
		{217BDBA8-AA8E-4375-BAA9-03B6751C4B59}.Release|Any CPU.Build.0 = Release|Any CPU
	EndGlobalSection
	GlobalSection(SolutionProperties) = preSolution
		HideSolutionNode = FALSE
	EndGlobalSection
EndGlobal
